{
  "name": "article6-methodologies",
  "lockfileVersion": 3,
  "requires": true,
  "packages": {
    "": {
      "name": "article6-methodologies",
      "private": true,
      "devDependencies": {
        "ajv": "^8.12.0",
        "ajv-cli": "^5.0.0",
        "ajv-formats": "^3.0.1"
      }
    }
  },
  "dependencies": {
    "ajv": {
      "version": "8.12.0"
    },
    "ajv-cli": {
      "version": "5.0.0"
    },
    "ajv-formats": {
      "version": "3.0.1"
    }
  }
}
